
Microsoft Visual Studio Solution File, Format Version 12.00
Project("{FAE04EC0-301F-11D3-BF4B-00C04F79EFBC}") = "Core", "Core\Core.csproj", "{21F3736A-30FD-452E-A78E-3485EEBA50A2}"
EndProject
Project("{2150E333-8FDC-42A3-9474-1A3956D46DE8}") = "DAL", "DAL", "{EBA8460D-3BEE-47A9-A7F3-BB23097858F9}"
EndProject
Project("{FAE04EC0-301F-11D3-BF4B-00C04F79EFBC}") = "DAL.Models", "DAL\DAL.Models\DAL.Models.csproj", "{D2F9864F-344D-41CB-A747-208F588CB9ED}"
EndProject
Project("{FAE04EC0-301F-11D3-BF4B-00C04F79EFBC}") = "DAL.Context", "DAL\DAL.Context\DAL.Context.csproj", "{D2C8209C-8410-40B6-97C1-AEB55DA9AC3E}"
EndProject
Project("{FAE04EC0-301F-11D3-BF4B-00C04F79EFBC}") = "DAL.Configs", "DAL\DAL.Configs\DAL.Configs.csproj", "{C4B82D69-0B4D-4EA1-A569-5E5FB6341F7F}"
EndProject
Project("{2150E333-8FDC-42A3-9474-1A3956D46DE8}") = "API", "API", "{52ED14FA-B172-4496-9C7A-13A8052D58FC}"
EndProject
Project("{2150E333-8FDC-42A3-9474-1A3956D46DE8}") = "BL", "BL", "{1C3EF6D5-3FF4-4712-BD53-A32161BD62E2}"
EndProject
Project("{2150E333-8FDC-42A3-9474-1A3956D46DE8}") = "Tests", "Tests", "{5FEF18D8-8811-4F3D-A374-86C01138EFD3}"
EndProject
Project("{FAE04EC0-301F-11D3-BF4B-00C04F79EFBC}") = "BL.Abstractions", "BL\BL.Abstractions\BL.Abstractions.csproj", "{0A03FC8B-4B4C-4374-963B-A63B6FFB5AA6}"
EndProject
Project("{FAE04EC0-301F-11D3-BF4B-00C04F79EFBC}") = "BL.Models", "BL\BL.Models\BL.Models.csproj", "{CC6E1658-AE65-4DFD-8B2D-68C79317D3DF}"
EndProject
Project("{FAE04EC0-301F-11D3-BF4B-00C04F79EFBC}") = "BL.Services", "BL\BL.Services\BL.Services.csproj", "{1217B32F-393A-4332-AE7E-D57AAD8297B1}"
EndProject
Project("{FAE04EC0-301F-11D3-BF4B-00C04F79EFBC}") = "DAL.Repositories", "DAL\DAL.Repositories\DAL.Repositories.csproj", "{92C9A6BC-F3CC-4D91-A23A-361B4D55FD7C}"
EndProject
Project("{FAE04EC0-301F-11D3-BF4B-00C04F79EFBC}") = "DAL.Abstractions", "DAL\DAL.Abstractions\DAL.Abstractions.csproj", "{78AFC5E5-64CC-4CCC-AB20-A4E1A7009122}"
EndProject
Project("{FAE04EC0-301F-11D3-BF4B-00C04F79EFBC}") = "API.Controllers", "API\API.Controllers\API.Controllers.csproj", "{048A8495-580E-4F95-995B-1A32D896B1B3}"
EndProject
Project("{FAE04EC0-301F-11D3-BF4B-00C04F79EFBC}") = "API.Models", "API\API.Models\API.Models.csproj", "{8076D02C-E876-41D5-B596-9FE91D88E279}"
EndProject
Global
	GlobalSection(SolutionConfigurationPlatforms) = preSolution
		Debug|Any CPU = Debug|Any CPU
		Release|Any CPU = Release|Any CPU
	EndGlobalSection
	GlobalSection(ProjectConfigurationPlatforms) = postSolution
		{21F3736A-30FD-452E-A78E-3485EEBA50A2}.Debug|Any CPU.ActiveCfg = Debug|Any CPU
		{21F3736A-30FD-452E-A78E-3485EEBA50A2}.Debug|Any CPU.Build.0 = Debug|Any CPU
		{21F3736A-30FD-452E-A78E-3485EEBA50A2}.Release|Any CPU.ActiveCfg = Release|Any CPU
		{21F3736A-30FD-452E-A78E-3485EEBA50A2}.Release|Any CPU.Build.0 = Release|Any CPU
		{D2F9864F-344D-41CB-A747-208F588CB9ED}.Debug|Any CPU.ActiveCfg = Debug|Any CPU
		{D2F9864F-344D-41CB-A747-208F588CB9ED}.Debug|Any CPU.Build.0 = Debug|Any CPU
		{D2F9864F-344D-41CB-A747-208F588CB9ED}.Release|Any CPU.ActiveCfg = Release|Any CPU
		{D2F9864F-344D-41CB-A747-208F588CB9ED}.Release|Any CPU.Build.0 = Release|Any CPU
		{D2C8209C-8410-40B6-97C1-AEB55DA9AC3E}.Debug|Any CPU.ActiveCfg = Debug|Any CPU
		{D2C8209C-8410-40B6-97C1-AEB55DA9AC3E}.Debug|Any CPU.Build.0 = Debug|Any CPU
		{D2C8209C-8410-40B6-97C1-AEB55DA9AC3E}.Release|Any CPU.ActiveCfg = Release|Any CPU
		{D2C8209C-8410-40B6-97C1-AEB55DA9AC3E}.Release|Any CPU.Build.0 = Release|Any CPU
		{C4B82D69-0B4D-4EA1-A569-5E5FB6341F7F}.Debug|Any CPU.ActiveCfg = Debug|Any CPU
		{C4B82D69-0B4D-4EA1-A569-5E5FB6341F7F}.Debug|Any CPU.Build.0 = Debug|Any CPU
		{C4B82D69-0B4D-4EA1-A569-5E5FB6341F7F}.Release|Any CPU.ActiveCfg = Release|Any CPU
		{C4B82D69-0B4D-4EA1-A569-5E5FB6341F7F}.Release|Any CPU.Build.0 = Release|Any CPU
		{0A03FC8B-4B4C-4374-963B-A63B6FFB5AA6}.Debug|Any CPU.ActiveCfg = Debug|Any CPU
		{0A03FC8B-4B4C-4374-963B-A63B6FFB5AA6}.Debug|Any CPU.Build.0 = Debug|Any CPU
		{0A03FC8B-4B4C-4374-963B-A63B6FFB5AA6}.Release|Any CPU.ActiveCfg = Release|Any CPU
		{0A03FC8B-4B4C-4374-963B-A63B6FFB5AA6}.Release|Any CPU.Build.0 = Release|Any CPU
		{CC6E1658-AE65-4DFD-8B2D-68C79317D3DF}.Debug|Any CPU.ActiveCfg = Debug|Any CPU
		{CC6E1658-AE65-4DFD-8B2D-68C79317D3DF}.Debug|Any CPU.Build.0 = Debug|Any CPU
		{CC6E1658-AE65-4DFD-8B2D-68C79317D3DF}.Release|Any CPU.ActiveCfg = Release|Any CPU
		{CC6E1658-AE65-4DFD-8B2D-68C79317D3DF}.Release|Any CPU.Build.0 = Release|Any CPU
		{1217B32F-393A-4332-AE7E-D57AAD8297B1}.Debug|Any CPU.ActiveCfg = Debug|Any CPU
		{1217B32F-393A-4332-AE7E-D57AAD8297B1}.Debug|Any CPU.Build.0 = Debug|Any CPU
		{1217B32F-393A-4332-AE7E-D57AAD8297B1}.Release|Any CPU.ActiveCfg = Release|Any CPU
		{1217B32F-393A-4332-AE7E-D57AAD8297B1}.Release|Any CPU.Build.0 = Release|Any CPU
		{92C9A6BC-F3CC-4D91-A23A-361B4D55FD7C}.Debug|Any CPU.ActiveCfg = Debug|Any CPU
		{92C9A6BC-F3CC-4D91-A23A-361B4D55FD7C}.Debug|Any CPU.Build.0 = Debug|Any CPU
		{92C9A6BC-F3CC-4D91-A23A-361B4D55FD7C}.Release|Any CPU.ActiveCfg = Release|Any CPU
		{92C9A6BC-F3CC-4D91-A23A-361B4D55FD7C}.Release|Any CPU.Build.0 = Release|Any CPU
		{78AFC5E5-64CC-4CCC-AB20-A4E1A7009122}.Debug|Any CPU.ActiveCfg = Debug|Any CPU
		{78AFC5E5-64CC-4CCC-AB20-A4E1A7009122}.Debug|Any CPU.Build.0 = Debug|Any CPU
		{78AFC5E5-64CC-4CCC-AB20-A4E1A7009122}.Release|Any CPU.ActiveCfg = Release|Any CPU
		{78AFC5E5-64CC-4CCC-AB20-A4E1A7009122}.Release|Any CPU.Build.0 = Release|Any CPU
		{048A8495-580E-4F95-995B-1A32D896B1B3}.Debug|Any CPU.ActiveCfg = Debug|Any CPU
		{048A8495-580E-4F95-995B-1A32D896B1B3}.Debug|Any CPU.Build.0 = Debug|Any CPU
		{048A8495-580E-4F95-995B-1A32D896B1B3}.Release|Any CPU.ActiveCfg = Release|Any CPU
		{048A8495-580E-4F95-995B-1A32D896B1B3}.Release|Any CPU.Build.0 = Release|Any CPU
		{8076D02C-E876-41D5-B596-9FE91D88E279}.Debug|Any CPU.ActiveCfg = Debug|Any CPU
		{8076D02C-E876-41D5-B596-9FE91D88E279}.Debug|Any CPU.Build.0 = Debug|Any CPU
		{8076D02C-E876-41D5-B596-9FE91D88E279}.Release|Any CPU.ActiveCfg = Release|Any CPU
		{8076D02C-E876-41D5-B596-9FE91D88E279}.Release|Any CPU.Build.0 = Release|Any CPU
	EndGlobalSection
	GlobalSection(NestedProjects) = preSolution
		{D2F9864F-344D-41CB-A747-208F588CB9ED} = {EBA8460D-3BEE-47A9-A7F3-BB23097858F9}
		{D2C8209C-8410-40B6-97C1-AEB55DA9AC3E} = {EBA8460D-3BEE-47A9-A7F3-BB23097858F9}
		{C4B82D69-0B4D-4EA1-A569-5E5FB6341F7F} = {EBA8460D-3BEE-47A9-A7F3-BB23097858F9}
		{0A03FC8B-4B4C-4374-963B-A63B6FFB5AA6} = {1C3EF6D5-3FF4-4712-BD53-A32161BD62E2}
		{CC6E1658-AE65-4DFD-8B2D-68C79317D3DF} = {1C3EF6D5-3FF4-4712-BD53-A32161BD62E2}
		{1217B32F-393A-4332-AE7E-D57AAD8297B1} = {1C3EF6D5-3FF4-4712-BD53-A32161BD62E2}
		{92C9A6BC-F3CC-4D91-A23A-361B4D55FD7C} = {EBA8460D-3BEE-47A9-A7F3-BB23097858F9}
		{78AFC5E5-64CC-4CCC-AB20-A4E1A7009122} = {EBA8460D-3BEE-47A9-A7F3-BB23097858F9}
		{048A8495-580E-4F95-995B-1A32D896B1B3} = {52ED14FA-B172-4496-9C7A-13A8052D58FC}
		{8076D02C-E876-41D5-B596-9FE91D88E279} = {52ED14FA-B172-4496-9C7A-13A8052D58FC}
	EndGlobalSection
EndGlobal
